// !$*UTF8*$!
{
	archiveVersion = 1;
	classes = {
	};
	objectVersion = 55;
	objects = {

/* Begin PBXBuildFile section */
		920D3CE428781A51009FC65D /* Moscow.xcassets in Resources */ = {isa = PBXBuildFile; fileRef = 920D3CE328781A51009FC65D /* Moscow.xcassets */; };
		922198462875798D0083ACFD /* AppDelegate.swift in Sources */ = {isa = PBXBuildFile; fileRef = 922198452875798D0083ACFD /* AppDelegate.swift */; };
		922198482875798D0083ACFD /* SceneDelegate.swift in Sources */ = {isa = PBXBuildFile; fileRef = 922198472875798D0083ACFD /* SceneDelegate.swift */; };
		9221984D2875798D0083ACFD /* Main.storyboard in Resources */ = {isa = PBXBuildFile; fileRef = 9221984B2875798D0083ACFD /* Main.storyboard */; };
		9221984F2875798F0083ACFD /* Assets.xcassets in Resources */ = {isa = PBXBuildFile; fileRef = 9221984E2875798F0083ACFD /* Assets.xcassets */; };
		922198522875798F0083ACFD /* LaunchScreen.storyboard in Resources */ = {isa = PBXBuildFile; fileRef = 922198502875798F0083ACFD /* LaunchScreen.storyboard */; };
		9221985B287579BC0083ACFD /* TableViewController.swift in Sources */ = {isa = PBXBuildFile; fileRef = 9221985A287579BC0083ACFD /* TableViewController.swift */; };
		9221985E28757A420083ACFD /* TableViewCell.swift in Sources */ = {isa = PBXBuildFile; fileRef = 9221985C28757A420083ACFD /* TableViewCell.swift */; };
		9221985F28757A420083ACFD /* TableViewCell.xib in Resources */ = {isa = PBXBuildFile; fileRef = 9221985D28757A420083ACFD /* TableViewCell.xib */; };
		9221986228757DE20083ACFD /* ScaledHeightImageView.swift in Sources */ = {isa = PBXBuildFile; fileRef = 9221986128757DE20083ACFD /* ScaledHeightImageView.swift */; };
/* End PBXBuildFile section */

/* Begin PBXFileReference section */
		920D3CE328781A51009FC65D /* Moscow.xcassets */ = {isa = PBXFileReference; lastKnownFileType = folder.assetcatalog; path = Moscow.xcassets; sourceTree = "<group>"; };
		920D3CE528782098009FC65D /* README.md */ = {isa = PBXFileReference; fileEncoding = 4; lastKnownFileType = net.daringfireball.markdown; path = README.md; sourceTree = "<group>"; };
		920D3CE8287820DC009FC65D /* 2.png */ = {isa = PBXFileReference; lastKnownFileType = image.png; path = 2.png; sourceTree = "<group>"; };
		920D3CE9287820DC009FC65D /* 1.png */ = {isa = PBXFileReference; lastKnownFileType = image.png; path = 1.png; sourceTree = "<group>"; };
		922198422875798D0083ACFD /* TableViewWithImages.app */ = {isa = PBXFileReference; explicitFileType = wrapper.application; includeInIndex = 0; path = TableViewWithImages.app; sourceTree = BUILT_PRODUCTS_DIR; };
		922198452875798D0083ACFD /* AppDelegate.swift */ = {isa = PBXFileReference; lastKnownFileType = sourcecode.swift; path = AppDelegate.swift; sourceTree = "<group>"; };
		922198472875798D0083ACFD /* SceneDelegate.swift */ = {isa = PBXFileReference; lastKnownFileType = sourcecode.swift; path = SceneDelegate.swift; sourceTree = "<group>"; };
		9221984C2875798D0083ACFD /* Base */ = {isa = PBXFileReference; lastKnownFileType = file.storyboard; name = Base; path = Base.lproj/Main.storyboard; sourceTree = "<group>"; };
		9221984E2875798F0083ACFD /* Assets.xcassets */ = {isa = PBXFileReference; lastKnownFileType = folder.assetcatalog; path = Assets.xcassets; sourceTree = "<group>"; };
		922198512875798F0083ACFD /* Base */ = {isa = PBXFileReference; lastKnownFileType = file.storyboard; name = Base; path = Base.lproj/LaunchScreen.storyboard; sourceTree = "<group>"; };
		922198532875798F0083ACFD /* Info.plist */ = {isa = PBXFileReference; lastKnownFileType = text.plist.xml; path = Info.plist; sourceTree = "<group>"; };
		9221985A287579BC0083ACFD /* TableViewController.swift */ = {isa = PBXFileReference; lastKnownFileType = sourcecode.swift; path = TableViewController.swift; sourceTree = "<group>"; };
		9221985C28757A420083ACFD /* TableViewCell.swift */ = {isa = PBXFileReference; lastKnownFileType = sourcecode.swift; path = TableViewCell.swift; sourceTree = "<group>"; };
		9221985D28757A420083ACFD /* TableViewCell.xib */ = {isa = PBXFileReference; lastKnownFileType = file.xib; path = TableViewCell.xib; sourceTree = "<group>"; };
		9221986128757DE20083ACFD /* ScaledHeightImageView.swift */ = {isa = PBXFileReference; lastKnownFileType = sourcecode.swift; path = ScaledHeightImageView.swift; sourceTree = "<group>"; };
/* End PBXFileReference section */

/* Begin PBXFrameworksBuildPhase section */
		9221983F2875798D0083ACFD /* Frameworks */ = {
			isa = PBXFrameworksBuildPhase;
			buildActionMask = 2147483647;
			files = (
			);
			runOnlyForDeploymentPostprocessing = 0;
		};
/* End PBXFrameworksBuildPhase section */

/* Begin PBXGroup section */
		920D3CE7287820DC009FC65D /* Screenshots */ = {
			isa = PBXGroup;
			children = (
				920D3CE8287820DC009FC65D /* 2.png */,
				920D3CE9287820DC009FC65D /* 1.png */,
			);
			path = Screenshots;
			sourceTree = "<group>";
		};
		922198392875798D0083ACFD = {
			isa = PBXGroup;
			children = (
				920D3CE528782098009FC65D /* README.md */,
				920D3CE7287820DC009FC65D /* Screenshots */,
				922198442875798D0083ACFD /* TableViewWithImages */,
				922198432875798D0083ACFD /* Products */,
			);
			sourceTree = "<group>";
		};
		922198432875798D0083ACFD /* Products */ = {
			isa = PBXGroup;
			children = (
				922198422875798D0083ACFD /* TableViewWithImages.app */,
			);
			name = Products;
			sourceTree = "<group>";
		};
		922198442875798D0083ACFD /* TableViewWithImages */ = {
			isa = PBXGroup;
			children = (
				9221986028757DCE0083ACFD /* Components */,
				92219859287579AC0083ACFD /* TableViewController */,
				922198452875798D0083ACFD /* AppDelegate.swift */,
				922198472875798D0083ACFD /* SceneDelegate.swift */,
				9221984B2875798D0083ACFD /* Main.storyboard */,
				9221984E2875798F0083ACFD /* Assets.xcassets */,
				920D3CE328781A51009FC65D /* Moscow.xcassets */,
				922198502875798F0083ACFD /* LaunchScreen.storyboard */,
				922198532875798F0083ACFD /* Info.plist */,
			);
			path = TableViewWithImages;
			sourceTree = "<group>";
		};
		92219859287579AC0083ACFD /* TableViewController */ = {
			isa = PBXGroup;
			children = (
				9221985A287579BC0083ACFD /* TableViewController.swift */,
				9221985C28757A420083ACFD /* TableViewCell.swift */,
				9221985D28757A420083ACFD /* TableViewCell.xib */,
			);
			path = TableViewController;
			sourceTree = "<group>";
		};
		9221986028757DCE0083ACFD /* Components */ = {
			isa = PBXGroup;
			children = (
				9221986128757DE20083ACFD /* ScaledHeightImageView.swift */,
			);
			path = Components;
			sourceTree = "<group>";
		};
/* End PBXGroup section */

/* Begin PBXNativeTarget section */
		922198412875798D0083ACFD /* TableViewWithImages */ = {
			isa = PBXNativeTarget;
			buildConfigurationList = 922198562875798F0083ACFD /* Build configuration list for PBXNativeTarget "TableViewWithImages" */;
			buildPhases = (
				9221983E2875798D0083ACFD /* Sources */,
				9221983F2875798D0083ACFD /* Frameworks */,
				922198402875798D0083ACFD /* Resources */,
			);
			buildRules = (
			);
			dependencies = (
			);
			name = TableViewWithImages;
			productName = TableViewWithImages;
			productReference = 922198422875798D0083ACFD /* TableViewWithImages.app */;
			productType = "com.apple.product-type.application";
		};
/* End PBXNativeTarget section */

/* Begin PBXProject section */
		9221983A2875798D0083ACFD /* Project object */ = {
			isa = PBXProject;
			attributes = {
				BuildIndependentTargetsInParallel = 1;
				LastSwiftUpdateCheck = 1340;
				LastUpgradeCheck = 1340;
				TargetAttributes = {
					922198412875798D0083ACFD = {
						CreatedOnToolsVersion = 13.4;
					};
				};
			};
			buildConfigurationList = 9221983D2875798D0083ACFD /* Build configuration list for PBXProject "TableViewWithImages" */;
			compatibilityVersion = "Xcode 13.0";
			developmentRegion = en;
			hasScannedForEncodings = 0;
			knownRegions = (
				en,
				Base,
			);
			mainGroup = 922198392875798D0083ACFD;
			productRefGroup = 922198432875798D0083ACFD /* Products */;
			projectDirPath = "";
			projectRoot = "";
			targets = (
				922198412875798D0083ACFD /* TableViewWithImages */,
			);
		};
/* End PBXProject section */

/* Begin PBXResourcesBuildPhase section */
		922198402875798D0083ACFD /* Resources */ = {
			isa = PBXResourcesBuildPhase;
			buildActionMask = 2147483647;
			files = (
				922198522875798F0083ACFD /* LaunchScreen.storyboard in Resources */,
				9221985F28757A420083ACFD /* TableViewCell.xib in Resources */,
				9221984F2875798F0083ACFD /* Assets.xcassets in Resources */,
				920D3CE428781A51009FC65D /* Moscow.xcassets in Resources */,
				9221984D2875798D0083ACFD /* Main.storyboard in Resources */,
			);
			runOnlyForDeploymentPostprocessing = 0;
		};
/* End PBXResourcesBuildPhase section */

/* Begin PBXSourcesBuildPhase section */
		9221983E2875798D0083ACFD /* Sources */ = {
			isa = PBXSourcesBuildPhase;
			buildActionMask = 2147483647;
			files = (
				9221986228757DE20083ACFD /* ScaledHeightImageView.swift in Sources */,
				9221985E28757A420083ACFD /* TableViewCell.swift in Sources */,
				922198462875798D0083ACFD /* AppDelegate.swift in Sources */,
				922198482875798D0083ACFD /* SceneDelegate.swift in Sources */,
				9221985B287579BC0083ACFD /* TableViewController.swift in Sources */,
			);
			runOnlyForDeploymentPostprocessing = 0;
		};
/* End PBXSourcesBuildPhase section */

/* Begin PBXVariantGroup section */
		9221984B2875798D0083ACFD /* Main.storyboard */ = {
			isa = PBXVariantGroup;
			children = (
				9221984C2875798D0083ACFD /* Base */,
			);
			name = Main.storyboard;
			sourceTree = "<group>";
		};
		922198502875798F0083ACFD /* LaunchScreen.storyboard */ = {
			isa = PBXVariantGroup;
			children = (
				922198512875798F0083ACFD /* Base */,
			);
			name = LaunchScreen.storyboard;
			sourceTree = "<group>";
		};
/* End PBXVariantGroup section */

/* Begin XCBuildConfiguration section */
		922198542875798F0083ACFD /* Debug */ = {
			isa = XCBuildConfiguration;
			buildSettings = {
				ALWAYS_SEARCH_USER_PATHS = NO;
				CLANG_ANALYZER_NONNULL = YES;
				CLANG_ANALYZER_NUMBER_OBJECT_CONVERSION = YES_AGGRESSIVE;
				CLANG_CXX_LANGUAGE_STANDARD = "gnu++17";
				CLANG_ENABLE_MODULES = YES;
				CLANG_ENABLE_OBJC_ARC = YES;
				CLANG_ENABLE_OBJC_WEAK = YES;
				CLANG_WARN_BLOCK_CAPTURE_AUTORELEASING = YES;
				CLANG_WARN_BOOL_CONVERSION = YES;
				CLANG_WARN_COMMA = YES;
				CLANG_WARN_CONSTANT_CONVERSION = YES;
				CLANG_WARN_DEPRECATED_OBJC_IMPLEMENTATIONS = YES;
				CLANG_WARN_DIRECT_OBJC_ISA_USAGE = YES_ERROR;
				CLANG_WARN_DOCUMENTATION_COMMENTS = YES;
				CLANG_WARN_EMPTY_BODY = YES;
				CLANG_WARN_ENUM_CONVERSION = YES;
				CLANG_WARN_INFINITE_RECURSION = YES;
				CLANG_WARN_INT_CONVERSION = YES;
				CLANG_WARN_NON_LITERAL_NULL_CONVERSION = YES;
				CLANG_WARN_OBJC_IMPLICIT_RETAIN_SELF = YES;
				CLANG_WARN_OBJC_LITERAL_CONVERSION = YES;
				CLANG_WARN_OBJC_ROOT_CLASS = YES_ERROR;
				CLANG_WARN_QUOTED_INCLUDE_IN_FRAMEWORK_HEADER = YES;
				CLANG_WARN_RANGE_LOOP_ANALYSIS = YES;
				CLANG_WARN_STRICT_PROTOTYPES = YES;
				CLANG_WARN_SUSPICIOUS_MOVE = YES;
				CLANG_WARN_UNGUARDED_AVAILABILITY = YES_AGGRESSIVE;
				CLANG_WARN_UNREACHABLE_CODE = YES;
				CLANG_WARN__DUPLICATE_METHOD_MATCH = YES;
				COPY_PHASE_STRIP = NO;
				DEBUG_INFORMATION_FORMAT = dwarf;
				ENABLE_STRICT_OBJC_MSGSEND = YES;
				ENABLE_TESTABILITY = YES;
				GCC_C_LANGUAGE_STANDARD = gnu11;
				GCC_DYNAMIC_NO_PIC = NO;
				GCC_NO_COMMON_BLOCKS = YES;
				GCC_OPTIMIZATION_LEVEL = 0;
				GCC_PREPROCESSOR_DEFINITIONS = (
					"DEBUG=1",
					"$(inherited)",
				);
				GCC_WARN_64_TO_32_BIT_CONVERSION = YES;
				GCC_WARN_ABOUT_RETURN_TYPE = YES_ERROR;
				GCC_WARN_UNDECLARED_SELECTOR = YES;
				GCC_WARN_UNINITIALIZED_AUTOS = YES_AGGRESSIVE;
				GCC_WARN_UNUSED_FUNCTION = YES;
				GCC_WARN_UNUSED_VARIABLE = YES;
				IPHONEOS_DEPLOYMENT_TARGET = 15.5;
				MTL_ENABLE_DEBUG_INFO = INCLUDE_SOURCE;
				MTL_FAST_MATH = YES;
				ONLY_ACTIVE_ARCH = YES;
				SDKROOT = iphoneos;
				SWIFT_ACTIVE_COMPILATION_CONDITIONS = DEBUG;
				SWIFT_OPTIMIZATION_LEVEL = "-Onone";
			};
			name = Debug;
		};
		922198552875798F0083ACFD /* Release */ = {
			isa = XCBuildConfiguration;
			buildSettings = {
				ALWAYS_SEARCH_USER_PATHS = NO;
				CLANG_ANALYZER_NONNULL = YES;
				CLANG_ANALYZER_NUMBER_OBJECT_CONVERSION = YES_AGGRESSIVE;
				CLANG_CXX_LANGUAGE_STANDARD = "gnu++17";
				CLANG_ENABLE_MODULES = YES;
				CLANG_ENABLE_OBJC_ARC = YES;
				CLANG_ENABLE_OBJC_WEAK = YES;
				CLANG_WARN_BLOCK_CAPTURE_AUTORELEASING = YES;
				CLANG_WARN_BOOL_CONVERSION = YES;
				CLANG_WARN_COMMA = YES;
				CLANG_WARN_CONSTANT_CONVERSION = YES;
				CLANG_WARN_DEPRECATED_OBJC_IMPLEMENTATIONS = YES;
				CLANG_WARN_DIRECT_OBJC_ISA_USAGE = YES_ERROR;
				CLANG_WARN_DOCUMENTATION_COMMENTS = YES;
				CLANG_WARN_EMPTY_BODY = YES;
				CLANG_WARN_ENUM_CONVERSION = YES;
				CLANG_WARN_INFINITE_RECURSION = YES;
				CLANG_WARN_INT_CONVERSION = YES;
				CLANG_WARN_NON_LITERAL_NULL_CONVERSION = YES;
				CLANG_WARN_OBJC_IMPLICIT_RETAIN_SELF = YES;
				CLANG_WARN_OBJC_LITERAL_CONVERSION = YES;
				CLANG_WARN_OBJC_ROOT_CLASS = YES_ERROR;
				CLANG_WARN_QUOTED_INCLUDE_IN_FRAMEWORK_HEADER = YES;
				CLANG_WARN_RANGE_LOOP_ANALYSIS = YES;
				CLANG_WARN_STRICT_PROTOTYPES = YES;
				CLANG_WARN_SUSPICIOUS_MOVE = YES;
				CLANG_WARN_UNGUARDED_AVAILABILITY = YES_AGGRESSIVE;
				CLANG_WARN_UNREACHABLE_CODE = YES;
				CLANG_WARN__DUPLICATE_METHOD_MATCH = YES;
				COPY_PHASE_STRIP = NO;
				DEBUG_INFORMATION_FORMAT = "dwarf-with-dsym";
				ENABLE_NS_ASSERTIONS = NO;
				ENABLE_STRICT_OBJC_MSGSEND = YES;
				GCC_C_LANGUAGE_STANDARD = gnu11;
				GCC_NO_COMMON_BLOCKS = YES;
				GCC_WARN_64_TO_32_BIT_CONVERSION = YES;
				GCC_WARN_ABOUT_RETURN_TYPE = YES_ERROR;
				GCC_WARN_UNDECLARED_SELECTOR = YES;
				GCC_WARN_UNINITIALIZED_AUTOS = YES_AGGRESSIVE;
				GCC_WARN_UNUSED_FUNCTION = YES;
				GCC_WARN_UNUSED_VARIABLE = YES;
				IPHONEOS_DEPLOYMENT_TARGET = 15.5;
				MTL_ENABLE_DEBUG_INFO = NO;
				MTL_FAST_MATH = YES;
				SDKROOT = iphoneos;
				SWIFT_COMPILATION_MODE = wholemodule;
				SWIFT_OPTIMIZATION_LEVEL = "-O";
				VALIDATE_PRODUCT = YES;
			};
			name = Release;
		};
		922198572875798F0083ACFD /* Debug */ = {
			isa = XCBuildConfiguration;
			buildSettings = {
				ASSETCATALOG_COMPILER_APPICON_NAME = AppIcon;
				ASSETCATALOG_COMPILER_GLOBAL_ACCENT_COLOR_NAME = AccentColor;
				CODE_SIGN_STYLE = Automatic;
				CURRENT_PROJECT_VERSION = 1;
				DEVELOPMENT_TEAM = XFV3M47D7P;
				GENERATE_INFOPLIST_FILE = YES;
				INFOPLIST_FILE = TableViewWithImages/Info.plist;
				INFOPLIST_KEY_UIApplicationSupportsIndirectInputEvents = YES;
				INFOPLIST_KEY_UILaunchStoryboardName = LaunchScreen;
				INFOPLIST_KEY_UIMainStoryboardFile = Main;
				INFOPLIST_KEY_UISupportedInterfaceOrientations_iPad = "UIInterfaceOrientationPortrait UIInterfaceOrientationPortraitUpsideDown UIInterfaceOrientationLandscapeLeft UIInterfaceOrientationLandscapeRight";
				INFOPLIST_KEY_UISupportedInterfaceOrientations_iPhone = "UIInterfaceOrientationPortrait UIInterfaceOrientationLandscapeLeft UIInterfaceOrientationLandscapeRight";
				LD_RUNPATH_SEARCH_PATHS = (
					"$(inherited)",
					"@executable_path/Frameworks",
				);
				MARKETING_VERSION = 1.0;
				PRODUCT_BUNDLE_IDENTIFIER = com.alwawee.TableViewWithImages;
				PRODUCT_NAME = "$(TARGET_NAME)";
				SWIFT_EMIT_LOC_STRINGS = YES;
				SWIFT_VERSION = 5.0;
				TARGETED_DEVICE_FAMILY = "1,2";
			};
			name = Debug;
		};
		922198582875798F0083ACFD /* Release */ = {
			isa = XCBuildConfiguration;
			buildSettings = {
				ASSETCATALOG_COMPILER_APPICON_NAME = AppIcon;
				ASSETCATALOG_COMPILER_GLOBAL_ACCENT_COLOR_NAME = AccentColor;
				CODE_SIGN_STYLE = Automatic;
				CURRENT_PROJECT_VERSION = 1;
				DEVELOPMENT_TEAM = XFV3M47D7P;
				GENERATE_INFOPLIST_FILE = YES;
				INFOPLIST_FILE = TableViewWithImages/Info.plist;
				INFOPLIST_KEY_UIApplicationSupportsIndirectInputEvents = YES;
				INFOPLIST_KEY_UILaunchStoryboardName = LaunchScreen;
				INFOPLIST_KEY_UIMainStoryboardFile = Main;
				INFOPLIST_KEY_UISupportedInterfaceOrientations_iPad = "UIInterfaceOrientationPortrait UIInterfaceOrientationPortraitUpsideDown UIInterfaceOrientationLandscapeLeft UIInterfaceOrientationLandscapeRight";
				INFOPLIST_KEY_UISupportedInterfaceOrientations_iPhone = "UIInterfaceOrientationPortrait UIInterfaceOrientationLandscapeLeft UIInterfaceOrientationLandscapeRight";
				LD_RUNPATH_SEARCH_PATHS = (
					"$(inherited)",
					"@executable_path/Frameworks",
				);
				MARKETING_VERSION = 1.0;
				PRODUCT_BUNDLE_IDENTIFIER = com.alwawee.TableViewWithImages;
				PRODUCT_NAME = "$(TARGET_NAME)";
				SWIFT_EMIT_LOC_STRINGS = YES;
				SWIFT_VERSION = 5.0;
				TARGETED_DEVICE_FAMILY = "1,2";
			};
			name = Release;
		};
/* End XCBuildConfiguration section */

/* Begin XCConfigurationList section */
		9221983D2875798D0083ACFD /* Build configuration list for PBXProject "TableViewWithImages" */ = {
			isa = XCConfigurationList;
			buildConfigurations = (
				922198542875798F0083ACFD /* Debug */,
				922198552875798F0083ACFD /* Release */,
			);
			defaultConfigurationIsVisible = 0;
			defaultConfigurationName = Release;
		};
		922198562875798F0083ACFD /* Build configuration list for PBXNativeTarget "TableViewWithImages" */ = {
			isa = XCConfigurationList;
			buildConfigurations = (
				922198572875798F0083ACFD /* Debug */,
				922198582875798F0083ACFD /* Release */,
			);
			defaultConfigurationIsVisible = 0;
			defaultConfigurationName = Release;
		};
/* End XCConfigurationList section */
	};
	rootObject = 9221983A2875798D0083ACFD /* Project object */;
}
